
Microsoft Visual Studio Solution File, Format Version 12.00
# Visual Studio Version 16
VisualStudioVersion = 16.0.30621.155
MinimumVisualStudioVersion = 10.0.40219.1
Project("{FAE04EC0-301F-11D3-BF4B-00C04F79EFBC}") = "GeneralTool.General", "GeneralTool.General\GeneralTool.General.csproj", "{41796E7D-0AC1-4330-BF92-0C3878AA58B3}"
EndProject
Project("{2150E333-8FDC-42A3-9474-1A3956D46DE8}") = "Demo", "Demo", "{19BDC90F-8CD7-49C7-89EF-117C0DA8F8FD}"
EndProject
Project("{FAE04EC0-301F-11D3-BF4B-00C04F79EFBC}") = "LangDemo", "LangDemo\LangDemo.csproj", "{0FDC2B88-6125-450A-9022-240E4CA5F348}"
EndProject
Project("{FAE04EC0-301F-11D3-BF4B-00C04F79EFBC}") = "BindingDemo", "BindingDemo\BindingDemo.csproj", "{49B6D7F9-5326-4173-9B40-37F2F32FDAAE}"
EndProject
Project("{FAE04EC0-301F-11D3-BF4B-00C04F79EFBC}") = "IOCTest", "IOCTest\IOCTest.csproj", "{9C17E1D2-F263-4346-9827-15BBEE950A6C}"
EndProject
Global
	GlobalSection(SolutionConfigurationPlatforms) = preSolution
		Debug|Any CPU = Debug|Any CPU
		Release|Any CPU = Release|Any CPU
	EndGlobalSection
	GlobalSection(ProjectConfigurationPlatforms) = postSolution
		{41796E7D-0AC1-4330-BF92-0C3878AA58B3}.Debug|Any CPU.ActiveCfg = Debug|Any CPU
		{41796E7D-0AC1-4330-BF92-0C3878AA58B3}.Debug|Any CPU.Build.0 = Debug|Any CPU
		{41796E7D-0AC1-4330-BF92-0C3878AA58B3}.Release|Any CPU.ActiveCfg = Release|Any CPU
		{41796E7D-0AC1-4330-BF92-0C3878AA58B3}.Release|Any CPU.Build.0 = Release|Any CPU
		{0FDC2B88-6125-450A-9022-240E4CA5F348}.Debug|Any CPU.ActiveCfg = Debug|Any CPU
		{0FDC2B88-6125-450A-9022-240E4CA5F348}.Debug|Any CPU.Build.0 = Debug|Any CPU
		{0FDC2B88-6125-450A-9022-240E4CA5F348}.Release|Any CPU.ActiveCfg = Release|Any CPU
		{0FDC2B88-6125-450A-9022-240E4CA5F348}.Release|Any CPU.Build.0 = Release|Any CPU
		{49B6D7F9-5326-4173-9B40-37F2F32FDAAE}.Debug|Any CPU.ActiveCfg = Debug|Any CPU
		{49B6D7F9-5326-4173-9B40-37F2F32FDAAE}.Debug|Any CPU.Build.0 = Debug|Any CPU
		{49B6D7F9-5326-4173-9B40-37F2F32FDAAE}.Release|Any CPU.ActiveCfg = Release|Any CPU
		{49B6D7F9-5326-4173-9B40-37F2F32FDAAE}.Release|Any CPU.Build.0 = Release|Any CPU
		{9C17E1D2-F263-4346-9827-15BBEE950A6C}.Debug|Any CPU.ActiveCfg = Debug|Any CPU
		{9C17E1D2-F263-4346-9827-15BBEE950A6C}.Debug|Any CPU.Build.0 = Debug|Any CPU
		{9C17E1D2-F263-4346-9827-15BBEE950A6C}.Release|Any CPU.ActiveCfg = Release|Any CPU
		{9C17E1D2-F263-4346-9827-15BBEE950A6C}.Release|Any CPU.Build.0 = Release|Any CPU
	EndGlobalSection
	GlobalSection(SolutionProperties) = preSolution
		HideSolutionNode = FALSE
	EndGlobalSection
	GlobalSection(NestedProjects) = preSolution
		{0FDC2B88-6125-450A-9022-240E4CA5F348} = {19BDC90F-8CD7-49C7-89EF-117C0DA8F8FD}
		{49B6D7F9-5326-4173-9B40-37F2F32FDAAE} = {19BDC90F-8CD7-49C7-89EF-117C0DA8F8FD}
		{9C17E1D2-F263-4346-9827-15BBEE950A6C} = {19BDC90F-8CD7-49C7-89EF-117C0DA8F8FD}
	EndGlobalSection
	GlobalSection(ExtensibilityGlobals) = postSolution
		SolutionGuid = {3218C1B0-9A40-4B8F-A121-0DC0DD6F5AC4}
	EndGlobalSection
EndGlobal
