
Microsoft Visual Studio Solution File, Format Version 12.00
# Visual Studio Version 16
VisualStudioVersion = 16.0.30621.155
MinimumVisualStudioVersion = 10.0.40219.1
Project("{FAE04EC0-301F-11D3-BF4B-00C04F79EFBC}") = "ConsoleAppTest", "ConsoleAppTest\ConsoleAppTest.csproj", "{2361995C-0673-46DB-B0C3-B73DF8F0F95A}"
EndProject
Project("{FAE04EC0-301F-11D3-BF4B-00C04F79EFBC}") = "GeneralTool.General", "GeneralTool.General\GeneralTool.General.csproj", "{41796E7D-0AC1-4330-BF92-0C3878AA58B3}"
EndProject
Project("{FAE04EC0-301F-11D3-BF4B-00C04F79EFBC}") = "WpfAppTest", "WpfAppTest\WpfAppTest.csproj", "{A3FE841F-B2F3-40FE-AF25-245C617316B0}"
EndProject
Project("{FAE04EC0-301F-11D3-BF4B-00C04F79EFBC}") = "TaskTest", "TaskTest\TaskTest.csproj", "{B47A8589-F020-41EF-B0C6-073E4DB401AC}"
EndProject
Global
	GlobalSection(SolutionConfigurationPlatforms) = preSolution
		Debug|Any CPU = Debug|Any CPU
		Release|Any CPU = Release|Any CPU
	EndGlobalSection
	GlobalSection(ProjectConfigurationPlatforms) = postSolution
		{2361995C-0673-46DB-B0C3-B73DF8F0F95A}.Debug|Any CPU.ActiveCfg = Debug|Any CPU
		{2361995C-0673-46DB-B0C3-B73DF8F0F95A}.Debug|Any CPU.Build.0 = Debug|Any CPU
		{2361995C-0673-46DB-B0C3-B73DF8F0F95A}.Release|Any CPU.ActiveCfg = Release|Any CPU
		{2361995C-0673-46DB-B0C3-B73DF8F0F95A}.Release|Any CPU.Build.0 = Release|Any CPU
		{41796E7D-0AC1-4330-BF92-0C3878AA58B3}.Debug|Any CPU.ActiveCfg = Debug|Any CPU
		{41796E7D-0AC1-4330-BF92-0C3878AA58B3}.Debug|Any CPU.Build.0 = Debug|Any CPU
		{41796E7D-0AC1-4330-BF92-0C3878AA58B3}.Release|Any CPU.ActiveCfg = Release|Any CPU
		{41796E7D-0AC1-4330-BF92-0C3878AA58B3}.Release|Any CPU.Build.0 = Release|Any CPU
		{A3FE841F-B2F3-40FE-AF25-245C617316B0}.Debug|Any CPU.ActiveCfg = Debug|Any CPU
		{A3FE841F-B2F3-40FE-AF25-245C617316B0}.Debug|Any CPU.Build.0 = Debug|Any CPU
		{A3FE841F-B2F3-40FE-AF25-245C617316B0}.Release|Any CPU.ActiveCfg = Release|Any CPU
		{A3FE841F-B2F3-40FE-AF25-245C617316B0}.Release|Any CPU.Build.0 = Release|Any CPU
		{B47A8589-F020-41EF-B0C6-073E4DB401AC}.Debug|Any CPU.ActiveCfg = Debug|Any CPU
		{B47A8589-F020-41EF-B0C6-073E4DB401AC}.Debug|Any CPU.Build.0 = Debug|Any CPU
		{B47A8589-F020-41EF-B0C6-073E4DB401AC}.Release|Any CPU.ActiveCfg = Release|Any CPU
		{B47A8589-F020-41EF-B0C6-073E4DB401AC}.Release|Any CPU.Build.0 = Release|Any CPU
	EndGlobalSection
	GlobalSection(SolutionProperties) = preSolution
		HideSolutionNode = FALSE
	EndGlobalSection
	GlobalSection(ExtensibilityGlobals) = postSolution
		SolutionGuid = {3218C1B0-9A40-4B8F-A121-0DC0DD6F5AC4}
	EndGlobalSection
EndGlobal
